
Microsoft Visual Studio Solution File, Format Version 12.00
# Visual Studio 15
VisualStudioVersion = 15.0.27130.2026
MinimumVisualStudioVersion = 10.0.40219.1
Project("{9A19103F-16F7-4668-BE54-9A1E7A4F7556}") = "DneTrainNg", "DneTrainNg\DneTrainNg.csproj", "{4FFED2A6-1824-49C3-892A-9C75CD781C91}"
EndProject
Global
	GlobalSection(SolutionConfigurationPlatforms) = preSolution
		Debug|Any CPU = Debug|Any CPU
		DebugForVS|Any CPU = DebugForVS|Any CPU
		MS_NPP_Trainning|Any CPU = MS_NPP_Trainning|Any CPU
		Release|Any CPU = Release|Any CPU
	EndGlobalSection
	GlobalSection(ProjectConfigurationPlatforms) = postSolution
		{4FFED2A6-1824-49C3-892A-9C75CD781C91}.Debug|Any CPU.ActiveCfg = Debug|Any CPU
		{4FFED2A6-1824-49C3-892A-9C75CD781C91}.Debug|Any CPU.Build.0 = Debug|Any CPU
		{4FFED2A6-1824-49C3-892A-9C75CD781C91}.DebugForVS|Any CPU.ActiveCfg = DebugForVS|Any CPU
		{4FFED2A6-1824-49C3-892A-9C75CD781C91}.DebugForVS|Any CPU.Build.0 = DebugForVS|Any CPU
		{4FFED2A6-1824-49C3-892A-9C75CD781C91}.MS_NPP_Trainning|Any CPU.ActiveCfg = MS_NPP_Trainning|Any CPU
		{4FFED2A6-1824-49C3-892A-9C75CD781C91}.MS_NPP_Trainning|Any CPU.Build.0 = MS_NPP_Trainning|Any CPU
		{4FFED2A6-1824-49C3-892A-9C75CD781C91}.Release|Any CPU.ActiveCfg = Release|Any CPU
		{4FFED2A6-1824-49C3-892A-9C75CD781C91}.Release|Any CPU.Build.0 = Release|Any CPU
	EndGlobalSection
	GlobalSection(SolutionProperties) = preSolution
		HideSolutionNode = FALSE
	EndGlobalSection
	GlobalSection(ExtensibilityGlobals) = postSolution
		SolutionGuid = {E37052A8-757C-4C9F-91AE-872F8EA42C10}
	EndGlobalSection
EndGlobal
